
Microsoft Visual Studio Solution File, Format Version 12.00
# Visual Studio Version 17
VisualStudioVersion = 17.13.35931.197 d17.13
MinimumVisualStudioVersion = 10.0.40219.1
Project("{FAE04EC0-301F-11D3-BF4B-00C04F79EFBC}") = "RoomBookingApp.Core.Tests", "RoomBookingApp.Core.Tests\RoomBookingApp.Core.Tests.csproj", "{20634A24-DB9D-4349-8BBF-9B21C8FC627F}"
EndProject
Project("{FAE04EC0-301F-11D3-BF4B-00C04F79EFBC}") = "RoomBookingApp.Core", "RoomBookingApp.Core\RoomBookingApp.Core.csproj", "{8152AB1F-C6C6-43F2-8C32-CE0124B84C54}"
EndProject
Global
	GlobalSection(SolutionConfigurationPlatforms) = preSolution
		Debug|Any CPU = Debug|Any CPU
		Release|Any CPU = Release|Any CPU
	EndGlobalSection
	GlobalSection(ProjectConfigurationPlatforms) = postSolution
		{20634A24-DB9D-4349-8BBF-9B21C8FC627F}.Debug|Any CPU.ActiveCfg = Debug|Any CPU
		{20634A24-DB9D-4349-8BBF-9B21C8FC627F}.Debug|Any CPU.Build.0 = Debug|Any CPU
		{20634A24-DB9D-4349-8BBF-9B21C8FC627F}.Release|Any CPU.ActiveCfg = Release|Any CPU
		{20634A24-DB9D-4349-8BBF-9B21C8FC627F}.Release|Any CPU.Build.0 = Release|Any CPU
		{8152AB1F-C6C6-43F2-8C32-CE0124B84C54}.Debug|Any CPU.ActiveCfg = Debug|Any CPU
		{8152AB1F-C6C6-43F2-8C32-CE0124B84C54}.Debug|Any CPU.Build.0 = Debug|Any CPU
		{8152AB1F-C6C6-43F2-8C32-CE0124B84C54}.Release|Any CPU.ActiveCfg = Release|Any CPU
		{8152AB1F-C6C6-43F2-8C32-CE0124B84C54}.Release|Any CPU.Build.0 = Release|Any CPU
	EndGlobalSection
	GlobalSection(SolutionProperties) = preSolution
		HideSolutionNode = FALSE
	EndGlobalSection
	GlobalSection(ExtensibilityGlobals) = postSolution
		SolutionGuid = {06BEA1A2-4024-40AB-BED3-EB924A6B93DC}
	EndGlobalSection
EndGlobal
